// !$*UTF8*$!
{
	archiveVersion = 1;
	classes = {
	};
	objectVersion = 55;
	objects = {

/* Begin PBXBuildFile section */
		1F2016222A976075007FB959 /* LoadingView.swift in Sources */ = {isa = PBXBuildFile; fileRef = 1F2016212A976075007FB959 /* LoadingView.swift */; };
		1F2016232A976075007FB959 /* LoadingView.swift in Sources */ = {isa = PBXBuildFile; fileRef = 1F2016212A976075007FB959 /* LoadingView.swift */; };
		1F2016252A976451007FB959 /* ProgressBarView.swift in Sources */ = {isa = PBXBuildFile; fileRef = 1F2016242A976451007FB959 /* ProgressBarView.swift */; };
		1F2016262A976451007FB959 /* ProgressBarView.swift in Sources */ = {isa = PBXBuildFile; fileRef = 1F2016242A976451007FB959 /* ProgressBarView.swift */; };
		1F2016282A976797007FB959 /* ModalView.swift in Sources */ = {isa = PBXBuildFile; fileRef = 1F2016272A976797007FB959 /* ModalView.swift */; };
		1F2016292A976797007FB959 /* ModalView.swift in Sources */ = {isa = PBXBuildFile; fileRef = 1F2016272A976797007FB959 /* ModalView.swift */; };
		1F20162B2A979FCA007FB959 /* FormView.swift in Sources */ = {isa = PBXBuildFile; fileRef = 1F20162A2A979FCA007FB959 /* FormView.swift */; };
		1F20162C2A979FCA007FB959 /* FormView.swift in Sources */ = {isa = PBXBuildFile; fileRef = 1F20162A2A979FCA007FB959 /* FormView.swift */; };
		1F20162E2A97A1AC007FB959 /* DataSharingView.swift in Sources */ = {isa = PBXBuildFile; fileRef = 1F20162D2A97A1AC007FB959 /* DataSharingView.swift */; };
		1F20162F2A97A1AC007FB959 /* DataSharingView.swift in Sources */ = {isa = PBXBuildFile; fileRef = 1F20162D2A97A1AC007FB959 /* DataSharingView.swift */; };
		1F2016312A97BBB4007FB959 /* RegistrationFormView.swift in Sources */ = {isa = PBXBuildFile; fileRef = 1F2016302A97BBB4007FB959 /* RegistrationFormView.swift */; };
		1F2016322A97BBB4007FB959 /* RegistrationFormView.swift in Sources */ = {isa = PBXBuildFile; fileRef = 1F2016302A97BBB4007FB959 /* RegistrationFormView.swift */; };
		1F2016342A97D10D007FB959 /* SwipeToDeleteView.swift in Sources */ = {isa = PBXBuildFile; fileRef = 1F2016332A97D10D007FB959 /* SwipeToDeleteView.swift */; };
		1F2016352A97D10D007FB959 /* SwipeToDeleteView.swift in Sources */ = {isa = PBXBuildFile; fileRef = 1F2016332A97D10D007FB959 /* SwipeToDeleteView.swift */; };
		1F2016372A97D339007FB959 /* ContextMenuView.swift in Sources */ = {isa = PBXBuildFile; fileRef = 1F2016362A97D339007FB959 /* ContextMenuView.swift */; };
		1F2016382A97D339007FB959 /* ContextMenuView.swift in Sources */ = {isa = PBXBuildFile; fileRef = 1F2016362A97D339007FB959 /* ContextMenuView.swift */; };
		1F20163A2A97D638007FB959 /* ActionSheetView.swift in Sources */ = {isa = PBXBuildFile; fileRef = 1F2016392A97D638007FB959 /* ActionSheetView.swift */; };
		1F20163B2A97D638007FB959 /* ActionSheetView.swift in Sources */ = {isa = PBXBuildFile; fileRef = 1F2016392A97D638007FB959 /* ActionSheetView.swift */; };
		1F20163D2A98B325007FB959 /* GestureModifierView.swift in Sources */ = {isa = PBXBuildFile; fileRef = 1F20163C2A98B325007FB959 /* GestureModifierView.swift */; };
		1F20163E2A98B325007FB959 /* GestureModifierView.swift in Sources */ = {isa = PBXBuildFile; fileRef = 1F20163C2A98B325007FB959 /* GestureModifierView.swift */; };
		1F2016402A98B482007FB959 /* LongPressGestureView.swift in Sources */ = {isa = PBXBuildFile; fileRef = 1F20163F2A98B482007FB959 /* LongPressGestureView.swift */; };
		1F2016412A98B482007FB959 /* LongPressGestureView.swift in Sources */ = {isa = PBXBuildFile; fileRef = 1F20163F2A98B482007FB959 /* LongPressGestureView.swift */; };
		1F26BCB02A93FDB300B43103 /* Tests_iOS.swift in Sources */ = {isa = PBXBuildFile; fileRef = 1F26BCAF2A93FDB300B43103 /* Tests_iOS.swift */; };
		1F26BCB22A93FDB300B43103 /* Tests_iOSLaunchTests.swift in Sources */ = {isa = PBXBuildFile; fileRef = 1F26BCB12A93FDB300B43103 /* Tests_iOSLaunchTests.swift */; };
		1F26BCBC2A93FDB300B43103 /* Tests_macOS.swift in Sources */ = {isa = PBXBuildFile; fileRef = 1F26BCBB2A93FDB300B43103 /* Tests_macOS.swift */; };
		1F26BCBE2A93FDB300B43103 /* Tests_macOSLaunchTests.swift in Sources */ = {isa = PBXBuildFile; fileRef = 1F26BCBD2A93FDB300B43103 /* Tests_macOSLaunchTests.swift */; };
		1F26BCBF2A93FDB300B43103 /* swift_packApp.swift in Sources */ = {isa = PBXBuildFile; fileRef = 1F26BC972A93FDAE00B43103 /* swift_packApp.swift */; };
		1F26BCC02A93FDB300B43103 /* swift_packApp.swift in Sources */ = {isa = PBXBuildFile; fileRef = 1F26BC972A93FDAE00B43103 /* swift_packApp.swift */; };
		1F26BCC12A93FDB300B43103 /* ContentView.swift in Sources */ = {isa = PBXBuildFile; fileRef = 1F26BC982A93FDAE00B43103 /* ContentView.swift */; };
		1F26BCC22A93FDB300B43103 /* ContentView.swift in Sources */ = {isa = PBXBuildFile; fileRef = 1F26BC982A93FDAE00B43103 /* ContentView.swift */; };
		1F26BCC32A93FDB300B43103 /* Assets.xcassets in Resources */ = {isa = PBXBuildFile; fileRef = 1F26BC992A93FDB300B43103 /* Assets.xcassets */; };
		1F26BCC42A93FDB300B43103 /* Assets.xcassets in Resources */ = {isa = PBXBuildFile; fileRef = 1F26BC992A93FDB300B43103 /* Assets.xcassets */; };
		1FFEFA1B2A9538C8009FC54B /* ImageView.swift in Sources */ = {isa = PBXBuildFile; fileRef = 1FFEFA1A2A9538C8009FC54B /* ImageView.swift */; };
		1FFEFA1C2A9538C8009FC54B /* ImageView.swift in Sources */ = {isa = PBXBuildFile; fileRef = 1FFEFA1A2A9538C8009FC54B /* ImageView.swift */; };
		1FFEFA1E2A953D2B009FC54B /* TextView.swift in Sources */ = {isa = PBXBuildFile; fileRef = 1FFEFA1D2A953D2B009FC54B /* TextView.swift */; };
		1FFEFA1F2A953D2B009FC54B /* TextView.swift in Sources */ = {isa = PBXBuildFile; fileRef = 1FFEFA1D2A953D2B009FC54B /* TextView.swift */; };
		1FFEFA272A96186D009FC54B /* LayoutView.swift in Sources */ = {isa = PBXBuildFile; fileRef = 1FFEFA262A96186D009FC54B /* LayoutView.swift */; };
		1FFEFA282A96186D009FC54B /* LayoutView.swift in Sources */ = {isa = PBXBuildFile; fileRef = 1FFEFA262A96186D009FC54B /* LayoutView.swift */; };
		1FFEFA2A2A9619F0009FC54B /* CarouselView.swift in Sources */ = {isa = PBXBuildFile; fileRef = 1FFEFA292A9619F0009FC54B /* CarouselView.swift */; };
		1FFEFA2B2A9619F0009FC54B /* CarouselView.swift in Sources */ = {isa = PBXBuildFile; fileRef = 1FFEFA292A9619F0009FC54B /* CarouselView.swift */; };
		1FFEFA2D2A961C99009FC54B /* ButtonView.swift in Sources */ = {isa = PBXBuildFile; fileRef = 1FFEFA2C2A961C99009FC54B /* ButtonView.swift */; };
		1FFEFA2E2A961C99009FC54B /* ButtonView.swift in Sources */ = {isa = PBXBuildFile; fileRef = 1FFEFA2C2A961C99009FC54B /* ButtonView.swift */; };
		1FFEFA302A965BF3009FC54B /* StateView.swift in Sources */ = {isa = PBXBuildFile; fileRef = 1FFEFA2F2A965BF3009FC54B /* StateView.swift */; };
		1FFEFA312A965BF3009FC54B /* StateView.swift in Sources */ = {isa = PBXBuildFile; fileRef = 1FFEFA2F2A965BF3009FC54B /* StateView.swift */; };
		1FFEFA332A965DA0009FC54B /* DynamicListView.swift in Sources */ = {isa = PBXBuildFile; fileRef = 1FFEFA322A965DA0009FC54B /* DynamicListView.swift */; };
		1FFEFA342A965DA0009FC54B /* DynamicListView.swift in Sources */ = {isa = PBXBuildFile; fileRef = 1FFEFA322A965DA0009FC54B /* DynamicListView.swift */; };
		1FFEFA392A966D4B009FC54B /* PathShapeView.swift in Sources */ = {isa = PBXBuildFile; fileRef = 1FFEFA382A966D4B009FC54B /* PathShapeView.swift */; };
		1FFEFA3A2A966D4B009FC54B /* PathShapeView.swift in Sources */ = {isa = PBXBuildFile; fileRef = 1FFEFA382A966D4B009FC54B /* PathShapeView.swift */; };
/* End PBXBuildFile section */

/* Begin PBXContainerItemProxy section */
		1F26BCAC2A93FDB300B43103 /* PBXContainerItemProxy */ = {
			isa = PBXContainerItemProxy;
			containerPortal = 1F26BC922A93FDAE00B43103 /* Project object */;
			proxyType = 1;
			remoteGlobalIDString = 1F26BC9D2A93FDB300B43103;
			remoteInfo = "swift-pack (iOS)";
		};
		1F26BCB82A93FDB300B43103 /* PBXContainerItemProxy */ = {
			isa = PBXContainerItemProxy;
			containerPortal = 1F26BC922A93FDAE00B43103 /* Project object */;
			proxyType = 1;
			remoteGlobalIDString = 1F26BCA32A93FDB300B43103;
			remoteInfo = "swift-pack (macOS)";
		};
/* End PBXContainerItemProxy section */

/* Begin PBXFileReference section */
		1F2016212A976075007FB959 /* LoadingView.swift */ = {isa = PBXFileReference; lastKnownFileType = sourcecode.swift; path = LoadingView.swift; sourceTree = "<group>"; };
		1F2016242A976451007FB959 /* ProgressBarView.swift */ = {isa = PBXFileReference; lastKnownFileType = sourcecode.swift; path = ProgressBarView.swift; sourceTree = "<group>"; };
		1F2016272A976797007FB959 /* ModalView.swift */ = {isa = PBXFileReference; lastKnownFileType = sourcecode.swift; path = ModalView.swift; sourceTree = "<group>"; };
		1F20162A2A979FCA007FB959 /* FormView.swift */ = {isa = PBXFileReference; lastKnownFileType = sourcecode.swift; path = FormView.swift; sourceTree = "<group>"; };
		1F20162D2A97A1AC007FB959 /* DataSharingView.swift */ = {isa = PBXFileReference; lastKnownFileType = sourcecode.swift; path = DataSharingView.swift; sourceTree = "<group>"; };
		1F2016302A97BBB4007FB959 /* RegistrationFormView.swift */ = {isa = PBXFileReference; lastKnownFileType = sourcecode.swift; path = RegistrationFormView.swift; sourceTree = "<group>"; };
		1F2016332A97D10D007FB959 /* SwipeToDeleteView.swift */ = {isa = PBXFileReference; lastKnownFileType = sourcecode.swift; path = SwipeToDeleteView.swift; sourceTree = "<group>"; };
		1F2016362A97D339007FB959 /* ContextMenuView.swift */ = {isa = PBXFileReference; lastKnownFileType = sourcecode.swift; path = ContextMenuView.swift; sourceTree = "<group>"; };
		1F2016392A97D638007FB959 /* ActionSheetView.swift */ = {isa = PBXFileReference; lastKnownFileType = sourcecode.swift; path = ActionSheetView.swift; sourceTree = "<group>"; };
		1F20163C2A98B325007FB959 /* GestureModifierView.swift */ = {isa = PBXFileReference; lastKnownFileType = sourcecode.swift; path = GestureModifierView.swift; sourceTree = "<group>"; };
		1F20163F2A98B482007FB959 /* LongPressGestureView.swift */ = {isa = PBXFileReference; lastKnownFileType = sourcecode.swift; path = LongPressGestureView.swift; sourceTree = "<group>"; };
		1F26BC972A93FDAE00B43103 /* swift_packApp.swift */ = {isa = PBXFileReference; lastKnownFileType = sourcecode.swift; path = swift_packApp.swift; sourceTree = "<group>"; };
		1F26BC982A93FDAE00B43103 /* ContentView.swift */ = {isa = PBXFileReference; lastKnownFileType = sourcecode.swift; path = ContentView.swift; sourceTree = "<group>"; };
		1F26BC992A93FDB300B43103 /* Assets.xcassets */ = {isa = PBXFileReference; lastKnownFileType = folder.assetcatalog; path = Assets.xcassets; sourceTree = "<group>"; };
		1F26BC9E2A93FDB300B43103 /* swift-pack.app */ = {isa = PBXFileReference; explicitFileType = wrapper.application; includeInIndex = 0; path = "swift-pack.app"; sourceTree = BUILT_PRODUCTS_DIR; };
		1F26BCA42A93FDB300B43103 /* swift-pack.app */ = {isa = PBXFileReference; explicitFileType = wrapper.application; includeInIndex = 0; path = "swift-pack.app"; sourceTree = BUILT_PRODUCTS_DIR; };
		1F26BCA62A93FDB300B43103 /* macOS.entitlements */ = {isa = PBXFileReference; lastKnownFileType = text.plist.entitlements; path = macOS.entitlements; sourceTree = "<group>"; };
		1F26BCAB2A93FDB300B43103 /* Tests iOS.xctest */ = {isa = PBXFileReference; explicitFileType = wrapper.cfbundle; includeInIndex = 0; path = "Tests iOS.xctest"; sourceTree = BUILT_PRODUCTS_DIR; };
		1F26BCAF2A93FDB300B43103 /* Tests_iOS.swift */ = {isa = PBXFileReference; lastKnownFileType = sourcecode.swift; path = Tests_iOS.swift; sourceTree = "<group>"; };
		1F26BCB12A93FDB300B43103 /* Tests_iOSLaunchTests.swift */ = {isa = PBXFileReference; lastKnownFileType = sourcecode.swift; path = Tests_iOSLaunchTests.swift; sourceTree = "<group>"; };
		1F26BCB72A93FDB300B43103 /* Tests macOS.xctest */ = {isa = PBXFileReference; explicitFileType = wrapper.cfbundle; includeInIndex = 0; path = "Tests macOS.xctest"; sourceTree = BUILT_PRODUCTS_DIR; };
		1F26BCBB2A93FDB300B43103 /* Tests_macOS.swift */ = {isa = PBXFileReference; lastKnownFileType = sourcecode.swift; path = Tests_macOS.swift; sourceTree = "<group>"; };
		1F26BCBD2A93FDB300B43103 /* Tests_macOSLaunchTests.swift */ = {isa = PBXFileReference; lastKnownFileType = sourcecode.swift; path = Tests_macOSLaunchTests.swift; sourceTree = "<group>"; };
		1FFEFA1A2A9538C8009FC54B /* ImageView.swift */ = {isa = PBXFileReference; lastKnownFileType = sourcecode.swift; path = ImageView.swift; sourceTree = "<group>"; };
		1FFEFA1D2A953D2B009FC54B /* TextView.swift */ = {isa = PBXFileReference; lastKnownFileType = sourcecode.swift; path = TextView.swift; sourceTree = "<group>"; };
		1FFEFA262A96186D009FC54B /* LayoutView.swift */ = {isa = PBXFileReference; lastKnownFileType = sourcecode.swift; path = LayoutView.swift; sourceTree = "<group>"; };
		1FFEFA292A9619F0009FC54B /* CarouselView.swift */ = {isa = PBXFileReference; lastKnownFileType = sourcecode.swift; path = CarouselView.swift; sourceTree = "<group>"; };
		1FFEFA2C2A961C99009FC54B /* ButtonView.swift */ = {isa = PBXFileReference; lastKnownFileType = sourcecode.swift; path = ButtonView.swift; sourceTree = "<group>"; };
		1FFEFA2F2A965BF3009FC54B /* StateView.swift */ = {isa = PBXFileReference; lastKnownFileType = sourcecode.swift; path = StateView.swift; sourceTree = "<group>"; };
		1FFEFA322A965DA0009FC54B /* DynamicListView.swift */ = {isa = PBXFileReference; lastKnownFileType = sourcecode.swift; path = DynamicListView.swift; sourceTree = "<group>"; };
		1FFEFA382A966D4B009FC54B /* PathShapeView.swift */ = {isa = PBXFileReference; fileEncoding = 4; lastKnownFileType = sourcecode.swift; path = PathShapeView.swift; sourceTree = "<group>"; };
/* End PBXFileReference section */

/* Begin PBXFrameworksBuildPhase section */
		1F26BC9B2A93FDB300B43103 /* Frameworks */ = {
			isa = PBXFrameworksBuildPhase;
			buildActionMask = 2147483647;
			files = (
			);
			runOnlyForDeploymentPostprocessing = 0;
		};
		1F26BCA12A93FDB300B43103 /* Frameworks */ = {
			isa = PBXFrameworksBuildPhase;
			buildActionMask = 2147483647;
			files = (
			);
			runOnlyForDeploymentPostprocessing = 0;
		};
		1F26BCA82A93FDB300B43103 /* Frameworks */ = {
			isa = PBXFrameworksBuildPhase;
			buildActionMask = 2147483647;
			files = (
			);
			runOnlyForDeploymentPostprocessing = 0;
		};
		1F26BCB42A93FDB300B43103 /* Frameworks */ = {
			isa = PBXFrameworksBuildPhase;
			buildActionMask = 2147483647;
			files = (
			);
			runOnlyForDeploymentPostprocessing = 0;
		};
/* End PBXFrameworksBuildPhase section */

/* Begin PBXGroup section */
		1F26BC912A93FDAE00B43103 = {
			isa = PBXGroup;
			children = (
				1F26BC962A93FDAE00B43103 /* Shared */,
				1F26BCA52A93FDB300B43103 /* macOS */,
				1F26BCAE2A93FDB300B43103 /* Tests iOS */,
				1F26BCBA2A93FDB300B43103 /* Tests macOS */,
				1F26BC9F2A93FDB300B43103 /* Products */,
			);
			sourceTree = "<group>";
		};
		1F26BC962A93FDAE00B43103 /* Shared */ = {
			isa = PBXGroup;
			children = (
				1FFEFA382A966D4B009FC54B /* PathShapeView.swift */,
				1FFEFA292A9619F0009FC54B /* CarouselView.swift */,
				1F2016332A97D10D007FB959 /* SwipeToDeleteView.swift */,
				1F26BC972A93FDAE00B43103 /* swift_packApp.swift */,
				1F26BC982A93FDAE00B43103 /* ContentView.swift */,
				1F26BC992A93FDB300B43103 /* Assets.xcassets */,
				1FFEFA1A2A9538C8009FC54B /* ImageView.swift */,
				1FFEFA1D2A953D2B009FC54B /* TextView.swift */,
				1FFEFA262A96186D009FC54B /* LayoutView.swift */,
				1FFEFA2C2A961C99009FC54B /* ButtonView.swift */,
				1F20163F2A98B482007FB959 /* LongPressGestureView.swift */,
				1F2016392A97D638007FB959 /* ActionSheetView.swift */,
				1F2016362A97D339007FB959 /* ContextMenuView.swift */,
				1FFEFA2F2A965BF3009FC54B /* StateView.swift */,
				1FFEFA322A965DA0009FC54B /* DynamicListView.swift */,
				1F2016212A976075007FB959 /* LoadingView.swift */,
				1F2016242A976451007FB959 /* ProgressBarView.swift */,
				1F2016272A976797007FB959 /* ModalView.swift */,
				1F20162A2A979FCA007FB959 /* FormView.swift */,
				1F20162D2A97A1AC007FB959 /* DataSharingView.swift */,
				1F2016302A97BBB4007FB959 /* RegistrationFormView.swift */,
				1F20163C2A98B325007FB959 /* GestureModifierView.swift */,
			);
			path = Shared;
			sourceTree = "<group>";
		};
		1F26BC9F2A93FDB300B43103 /* Products */ = {
			isa = PBXGroup;
			children = (
				1F26BC9E2A93FDB300B43103 /* swift-pack.app */,
				1F26BCA42A93FDB300B43103 /* swift-pack.app */,
				1F26BCAB2A93FDB300B43103 /* Tests iOS.xctest */,
				1F26BCB72A93FDB300B43103 /* Tests macOS.xctest */,
			);
			name = Products;
			sourceTree = "<group>";
		};
		1F26BCA52A93FDB300B43103 /* macOS */ = {
			isa = PBXGroup;
			children = (
				1F26BCA62A93FDB300B43103 /* macOS.entitlements */,
			);
			path = macOS;
			sourceTree = "<group>";
		};
		1F26BCAE2A93FDB300B43103 /* Tests iOS */ = {
			isa = PBXGroup;
			children = (
				1F26BCAF2A93FDB300B43103 /* Tests_iOS.swift */,
				1F26BCB12A93FDB300B43103 /* Tests_iOSLaunchTests.swift */,
			);
			path = "Tests iOS";
			sourceTree = "<group>";
		};
		1F26BCBA2A93FDB300B43103 /* Tests macOS */ = {
			isa = PBXGroup;
			children = (
				1F26BCBB2A93FDB300B43103 /* Tests_macOS.swift */,
				1F26BCBD2A93FDB300B43103 /* Tests_macOSLaunchTests.swift */,
			);
			path = "Tests macOS";
			sourceTree = "<group>";
		};
/* End PBXGroup section */

/* Begin PBXNativeTarget section */
		1F26BC9D2A93FDB300B43103 /* swift-pack (iOS) */ = {
			isa = PBXNativeTarget;
			buildConfigurationList = 1F26BCC72A93FDB300B43103 /* Build configuration list for PBXNativeTarget "swift-pack (iOS)" */;
			buildPhases = (
				1F26BC9A2A93FDB300B43103 /* Sources */,
				1F26BC9B2A93FDB300B43103 /* Frameworks */,
				1F26BC9C2A93FDB300B43103 /* Resources */,
			);
			buildRules = (
			);
			dependencies = (
			);
			name = "swift-pack (iOS)";
			productName = "swift-pack (iOS)";
			productReference = 1F26BC9E2A93FDB300B43103 /* swift-pack.app */;
			productType = "com.apple.product-type.application";
		};
		1F26BCA32A93FDB300B43103 /* swift-pack (macOS) */ = {
			isa = PBXNativeTarget;
			buildConfigurationList = 1F26BCCA2A93FDB300B43103 /* Build configuration list for PBXNativeTarget "swift-pack (macOS)" */;
			buildPhases = (
				1F26BCA02A93FDB300B43103 /* Sources */,
				1F26BCA12A93FDB300B43103 /* Frameworks */,
				1F26BCA22A93FDB300B43103 /* Resources */,
			);
			buildRules = (
			);
			dependencies = (
			);
			name = "swift-pack (macOS)";
			productName = "swift-pack (macOS)";
			productReference = 1F26BCA42A93FDB300B43103 /* swift-pack.app */;
			productType = "com.apple.product-type.application";
		};
		1F26BCAA2A93FDB300B43103 /* Tests iOS */ = {
			isa = PBXNativeTarget;
			buildConfigurationList = 1F26BCCD2A93FDB300B43103 /* Build configuration list for PBXNativeTarget "Tests iOS" */;
			buildPhases = (
				1F26BCA72A93FDB300B43103 /* Sources */,
				1F26BCA82A93FDB300B43103 /* Frameworks */,
				1F26BCA92A93FDB300B43103 /* Resources */,
			);
			buildRules = (
			);
			dependencies = (
				1F26BCAD2A93FDB300B43103 /* PBXTargetDependency */,
			);
			name = "Tests iOS";
			productName = "Tests iOS";
			productReference = 1F26BCAB2A93FDB300B43103 /* Tests iOS.xctest */;
			productType = "com.apple.product-type.bundle.ui-testing";
		};
		1F26BCB62A93FDB300B43103 /* Tests macOS */ = {
			isa = PBXNativeTarget;
			buildConfigurationList = 1F26BCD02A93FDB300B43103 /* Build configuration list for PBXNativeTarget "Tests macOS" */;
			buildPhases = (
				1F26BCB32A93FDB300B43103 /* Sources */,
				1F26BCB42A93FDB300B43103 /* Frameworks */,
				1F26BCB52A93FDB300B43103 /* Resources */,
			);
			buildRules = (
			);
			dependencies = (
				1F26BCB92A93FDB300B43103 /* PBXTargetDependency */,
			);
			name = "Tests macOS";
			productName = "Tests macOS";
			productReference = 1F26BCB72A93FDB300B43103 /* Tests macOS.xctest */;
			productType = "com.apple.product-type.bundle.ui-testing";
		};
/* End PBXNativeTarget section */

/* Begin PBXProject section */
		1F26BC922A93FDAE00B43103 /* Project object */ = {
			isa = PBXProject;
			attributes = {
				BuildIndependentTargetsInParallel = 1;
				LastSwiftUpdateCheck = 1340;
				LastUpgradeCheck = 1430;
				TargetAttributes = {
					1F26BC9D2A93FDB300B43103 = {
						CreatedOnToolsVersion = 13.4.1;
					};
					1F26BCA32A93FDB300B43103 = {
						CreatedOnToolsVersion = 13.4.1;
					};
					1F26BCAA2A93FDB300B43103 = {
						CreatedOnToolsVersion = 13.4.1;
						TestTargetID = 1F26BC9D2A93FDB300B43103;
					};
					1F26BCB62A93FDB300B43103 = {
						CreatedOnToolsVersion = 13.4.1;
						TestTargetID = 1F26BCA32A93FDB300B43103;
					};
				};
			};
			buildConfigurationList = 1F26BC952A93FDAE00B43103 /* Build configuration list for PBXProject "swift-pack" */;
			compatibilityVersion = "Xcode 13.0";
			developmentRegion = en;
			hasScannedForEncodings = 0;
			knownRegions = (
				en,
				Base,
			);
			mainGroup = 1F26BC912A93FDAE00B43103;
			productRefGroup = 1F26BC9F2A93FDB300B43103 /* Products */;
			projectDirPath = "";
			projectRoot = "";
			targets = (
				1F26BC9D2A93FDB300B43103 /* swift-pack (iOS) */,
				1F26BCA32A93FDB300B43103 /* swift-pack (macOS) */,
				1F26BCAA2A93FDB300B43103 /* Tests iOS */,
				1F26BCB62A93FDB300B43103 /* Tests macOS */,
			);
		};
/* End PBXProject section */

/* Begin PBXResourcesBuildPhase section */
		1F26BC9C2A93FDB300B43103 /* Resources */ = {
			isa = PBXResourcesBuildPhase;
			buildActionMask = 2147483647;
			files = (
				1F26BCC32A93FDB300B43103 /* Assets.xcassets in Resources */,
			);
			runOnlyForDeploymentPostprocessing = 0;
		};
		1F26BCA22A93FDB300B43103 /* Resources */ = {
			isa = PBXResourcesBuildPhase;
			buildActionMask = 2147483647;
			files = (
				1F26BCC42A93FDB300B43103 /* Assets.xcassets in Resources */,
			);
			runOnlyForDeploymentPostprocessing = 0;
		};
		1F26BCA92A93FDB300B43103 /* Resources */ = {
			isa = PBXResourcesBuildPhase;
			buildActionMask = 2147483647;
			files = (
			);
			runOnlyForDeploymentPostprocessing = 0;
		};
		1F26BCB52A93FDB300B43103 /* Resources */ = {
			isa = PBXResourcesBuildPhase;
			buildActionMask = 2147483647;
			files = (
			);
			runOnlyForDeploymentPostprocessing = 0;
		};
/* End PBXResourcesBuildPhase section */

/* Begin PBXSourcesBuildPhase section */
		1F26BC9A2A93FDB300B43103 /* Sources */ = {
			isa = PBXSourcesBuildPhase;
			buildActionMask = 2147483647;
			files = (
				1FFEFA1B2A9538C8009FC54B /* ImageView.swift in Sources */,
				1F2016252A976451007FB959 /* ProgressBarView.swift in Sources */,
				1F20162B2A979FCA007FB959 /* FormView.swift in Sources */,
				1F20163A2A97D638007FB959 /* ActionSheetView.swift in Sources */,
				1F2016402A98B482007FB959 /* LongPressGestureView.swift in Sources */,
				1F26BCC12A93FDB300B43103 /* ContentView.swift in Sources */,
				1FFEFA332A965DA0009FC54B /* DynamicListView.swift in Sources */,
				1F2016222A976075007FB959 /* LoadingView.swift in Sources */,
				1F2016342A97D10D007FB959 /* SwipeToDeleteView.swift in Sources */,
				1F26BCBF2A93FDB300B43103 /* swift_packApp.swift in Sources */,
				1F20163D2A98B325007FB959 /* GestureModifierView.swift in Sources */,
				1F20162E2A97A1AC007FB959 /* DataSharingView.swift in Sources */,
				1FFEFA1E2A953D2B009FC54B /* TextView.swift in Sources */,
				1FFEFA2A2A9619F0009FC54B /* CarouselView.swift in Sources */,
				1F2016282A976797007FB959 /* ModalView.swift in Sources */,
				1FFEFA272A96186D009FC54B /* LayoutView.swift in Sources */,
				1FFEFA302A965BF3009FC54B /* StateView.swift in Sources */,
				1FFEFA2D2A961C99009FC54B /* ButtonView.swift in Sources */,
				1F2016372A97D339007FB959 /* ContextMenuView.swift in Sources */,
				1FFEFA392A966D4B009FC54B /* PathShapeView.swift in Sources */,
				1F2016312A97BBB4007FB959 /* RegistrationFormView.swift in Sources */,
			);
			runOnlyForDeploymentPostprocessing = 0;
		};
		1F26BCA02A93FDB300B43103 /* Sources */ = {
			isa = PBXSourcesBuildPhase;
			buildActionMask = 2147483647;
			files = (
				1FFEFA1C2A9538C8009FC54B /* ImageView.swift in Sources */,
				1F2016262A976451007FB959 /* ProgressBarView.swift in Sources */,
				1F20162C2A979FCA007FB959 /* FormView.swift in Sources */,
				1F20163B2A97D638007FB959 /* ActionSheetView.swift in Sources */,
				1F2016412A98B482007FB959 /* LongPressGestureView.swift in Sources */,
				1F26BCC22A93FDB300B43103 /* ContentView.swift in Sources */,
				1FFEFA342A965DA0009FC54B /* DynamicListView.swift in Sources */,
				1F2016232A976075007FB959 /* LoadingView.swift in Sources */,
				1F2016352A97D10D007FB959 /* SwipeToDeleteView.swift in Sources */,
				1F26BCC02A93FDB300B43103 /* swift_packApp.swift in Sources */,
				1F20163E2A98B325007FB959 /* GestureModifierView.swift in Sources */,
				1F20162F2A97A1AC007FB959 /* DataSharingView.swift in Sources */,
				1FFEFA1F2A953D2B009FC54B /* TextView.swift in Sources */,
				1FFEFA2B2A9619F0009FC54B /* CarouselView.swift in Sources */,
				1F2016292A976797007FB959 /* ModalView.swift in Sources */,
				1FFEFA282A96186D009FC54B /* LayoutView.swift in Sources */,
				1FFEFA312A965BF3009FC54B /* StateView.swift in Sources */,
				1FFEFA2E2A961C99009FC54B /* ButtonView.swift in Sources */,
				1F2016382A97D339007FB959 /* ContextMenuView.swift in Sources */,
				1FFEFA3A2A966D4B009FC54B /* PathShapeView.swift in Sources */,
				1F2016322A97BBB4007FB959 /* RegistrationFormView.swift in Sources */,
			);
			runOnlyForDeploymentPostprocessing = 0;
		};
		1F26BCA72A93FDB300B43103 /* Sources */ = {
			isa = PBXSourcesBuildPhase;
			buildActionMask = 2147483647;
			files = (
				1F26BCB22A93FDB300B43103 /* Tests_iOSLaunchTests.swift in Sources */,
				1F26BCB02A93FDB300B43103 /* Tests_iOS.swift in Sources */,
			);
			runOnlyForDeploymentPostprocessing = 0;
		};
		1F26BCB32A93FDB300B43103 /* Sources */ = {
			isa = PBXSourcesBuildPhase;
			buildActionMask = 2147483647;
			files = (
				1F26BCBE2A93FDB300B43103 /* Tests_macOSLaunchTests.swift in Sources */,
				1F26BCBC2A93FDB300B43103 /* Tests_macOS.swift in Sources */,
			);
			runOnlyForDeploymentPostprocessing = 0;
		};
/* End PBXSourcesBuildPhase section */

/* Begin PBXTargetDependency section */
		1F26BCAD2A93FDB300B43103 /* PBXTargetDependency */ = {
			isa = PBXTargetDependency;
			target = 1F26BC9D2A93FDB300B43103 /* swift-pack (iOS) */;
			targetProxy = 1F26BCAC2A93FDB300B43103 /* PBXContainerItemProxy */;
		};
		1F26BCB92A93FDB300B43103 /* PBXTargetDependency */ = {
			isa = PBXTargetDependency;
			target = 1F26BCA32A93FDB300B43103 /* swift-pack (macOS) */;
			targetProxy = 1F26BCB82A93FDB300B43103 /* PBXContainerItemProxy */;
		};
/* End PBXTargetDependency section */

/* Begin XCBuildConfiguration section */
		1F26BCC52A93FDB300B43103 /* Debug */ = {
			isa = XCBuildConfiguration;
			buildSettings = {
				ALWAYS_SEARCH_USER_PATHS = NO;
				CLANG_ANALYZER_NONNULL = YES;
				CLANG_ANALYZER_NUMBER_OBJECT_CONVERSION = YES_AGGRESSIVE;
				CLANG_CXX_LANGUAGE_STANDARD = "gnu++17";
				CLANG_ENABLE_MODULES = YES;
				CLANG_ENABLE_OBJC_ARC = YES;
				CLANG_ENABLE_OBJC_WEAK = YES;
				CLANG_WARN_BLOCK_CAPTURE_AUTORELEASING = YES;
				CLANG_WARN_BOOL_CONVERSION = YES;
				CLANG_WARN_COMMA = YES;
				CLANG_WARN_CONSTANT_CONVERSION = YES;
				CLANG_WARN_DEPRECATED_OBJC_IMPLEMENTATIONS = YES;
				CLANG_WARN_DIRECT_OBJC_ISA_USAGE = YES_ERROR;
				CLANG_WARN_DOCUMENTATION_COMMENTS = YES;
				CLANG_WARN_EMPTY_BODY = YES;
				CLANG_WARN_ENUM_CONVERSION = YES;
				CLANG_WARN_INFINITE_RECURSION = YES;
				CLANG_WARN_INT_CONVERSION = YES;
				CLANG_WARN_NON_LITERAL_NULL_CONVERSION = YES;
				CLANG_WARN_OBJC_IMPLICIT_RETAIN_SELF = YES;
				CLANG_WARN_OBJC_LITERAL_CONVERSION = YES;
				CLANG_WARN_OBJC_ROOT_CLASS = YES_ERROR;
				CLANG_WARN_QUOTED_INCLUDE_IN_FRAMEWORK_HEADER = YES;
				CLANG_WARN_RANGE_LOOP_ANALYSIS = YES;
				CLANG_WARN_STRICT_PROTOTYPES = YES;
				CLANG_WARN_SUSPICIOUS_MOVE = YES;
				CLANG_WARN_UNGUARDED_AVAILABILITY = YES_AGGRESSIVE;
				CLANG_WARN_UNREACHABLE_CODE = YES;
				CLANG_WARN__DUPLICATE_METHOD_MATCH = YES;
				COPY_PHASE_STRIP = NO;
				DEAD_CODE_STRIPPING = YES;
				DEBUG_INFORMATION_FORMAT = dwarf;
				ENABLE_STRICT_OBJC_MSGSEND = YES;
				ENABLE_TESTABILITY = YES;
				GCC_C_LANGUAGE_STANDARD = gnu11;
				GCC_DYNAMIC_NO_PIC = NO;
				GCC_NO_COMMON_BLOCKS = YES;
				GCC_OPTIMIZATION_LEVEL = 0;
				GCC_PREPROCESSOR_DEFINITIONS = (
					"DEBUG=1",
					"$(inherited)",
				);
				GCC_WARN_64_TO_32_BIT_CONVERSION = YES;
				GCC_WARN_ABOUT_RETURN_TYPE = YES_ERROR;
				GCC_WARN_UNDECLARED_SELECTOR = YES;
				GCC_WARN_UNINITIALIZED_AUTOS = YES_AGGRESSIVE;
				GCC_WARN_UNUSED_FUNCTION = YES;
				GCC_WARN_UNUSED_VARIABLE = YES;
				MTL_ENABLE_DEBUG_INFO = INCLUDE_SOURCE;
				MTL_FAST_MATH = YES;
				ONLY_ACTIVE_ARCH = YES;
				SWIFT_ACTIVE_COMPILATION_CONDITIONS = DEBUG;
				SWIFT_OPTIMIZATION_LEVEL = "-Onone";
				SWIFT_VERSION = 5.0;
			};
			name = Debug;
		};
		1F26BCC62A93FDB300B43103 /* Release */ = {
			isa = XCBuildConfiguration;
			buildSettings = {
				ALWAYS_SEARCH_USER_PATHS = NO;
				CLANG_ANALYZER_NONNULL = YES;
				CLANG_ANALYZER_NUMBER_OBJECT_CONVERSION = YES_AGGRESSIVE;
				CLANG_CXX_LANGUAGE_STANDARD = "gnu++17";
				CLANG_ENABLE_MODULES = YES;
				CLANG_ENABLE_OBJC_ARC = YES;
				CLANG_ENABLE_OBJC_WEAK = YES;
				CLANG_WARN_BLOCK_CAPTURE_AUTORELEASING = YES;
				CLANG_WARN_BOOL_CONVERSION = YES;
				CLANG_WARN_COMMA = YES;
				CLANG_WARN_CONSTANT_CONVERSION = YES;
				CLANG_WARN_DEPRECATED_OBJC_IMPLEMENTATIONS = YES;
				CLANG_WARN_DIRECT_OBJC_ISA_USAGE = YES_ERROR;
				CLANG_WARN_DOCUMENTATION_COMMENTS = YES;
				CLANG_WARN_EMPTY_BODY = YES;
				CLANG_WARN_ENUM_CONVERSION = YES;
				CLANG_WARN_INFINITE_RECURSION = YES;
				CLANG_WARN_INT_CONVERSION = YES;
				CLANG_WARN_NON_LITERAL_NULL_CONVERSION = YES;
				CLANG_WARN_OBJC_IMPLICIT_RETAIN_SELF = YES;
				CLANG_WARN_OBJC_LITERAL_CONVERSION = YES;
				CLANG_WARN_OBJC_ROOT_CLASS = YES_ERROR;
				CLANG_WARN_QUOTED_INCLUDE_IN_FRAMEWORK_HEADER = YES;
				CLANG_WARN_RANGE_LOOP_ANALYSIS = YES;
				CLANG_WARN_STRICT_PROTOTYPES = YES;
				CLANG_WARN_SUSPICIOUS_MOVE = YES;
				CLANG_WARN_UNGUARDED_AVAILABILITY = YES_AGGRESSIVE;
				CLANG_WARN_UNREACHABLE_CODE = YES;
				CLANG_WARN__DUPLICATE_METHOD_MATCH = YES;
				COPY_PHASE_STRIP = NO;
				DEAD_CODE_STRIPPING = YES;
				DEBUG_INFORMATION_FORMAT = "dwarf-with-dsym";
				ENABLE_NS_ASSERTIONS = NO;
				ENABLE_STRICT_OBJC_MSGSEND = YES;
				GCC_C_LANGUAGE_STANDARD = gnu11;
				GCC_NO_COMMON_BLOCKS = YES;
				GCC_WARN_64_TO_32_BIT_CONVERSION = YES;
				GCC_WARN_ABOUT_RETURN_TYPE = YES_ERROR;
				GCC_WARN_UNDECLARED_SELECTOR = YES;
				GCC_WARN_UNINITIALIZED_AUTOS = YES_AGGRESSIVE;
				GCC_WARN_UNUSED_FUNCTION = YES;
				GCC_WARN_UNUSED_VARIABLE = YES;
				MTL_ENABLE_DEBUG_INFO = NO;
				MTL_FAST_MATH = YES;
				SWIFT_COMPILATION_MODE = wholemodule;
				SWIFT_OPTIMIZATION_LEVEL = "-O";
				SWIFT_VERSION = 5.0;
			};
			name = Release;
		};
		1F26BCC82A93FDB300B43103 /* Debug */ = {
			isa = XCBuildConfiguration;
			buildSettings = {
				ASSETCATALOG_COMPILER_APPICON_NAME = AppIcon;
				ASSETCATALOG_COMPILER_GLOBAL_ACCENT_COLOR_NAME = AccentColor;
				CODE_SIGN_STYLE = Automatic;
				CURRENT_PROJECT_VERSION = 1;
				ENABLE_PREVIEWS = YES;
				GENERATE_INFOPLIST_FILE = YES;
				INFOPLIST_KEY_UIApplicationSceneManifest_Generation = YES;
				INFOPLIST_KEY_UIApplicationSupportsIndirectInputEvents = YES;
				INFOPLIST_KEY_UILaunchScreen_Generation = YES;
				INFOPLIST_KEY_UISupportedInterfaceOrientations_iPad = "UIInterfaceOrientationPortrait UIInterfaceOrientationPortraitUpsideDown UIInterfaceOrientationLandscapeLeft UIInterfaceOrientationLandscapeRight";
				INFOPLIST_KEY_UISupportedInterfaceOrientations_iPhone = "UIInterfaceOrientationPortrait UIInterfaceOrientationLandscapeLeft UIInterfaceOrientationLandscapeRight";
				IPHONEOS_DEPLOYMENT_TARGET = 15.5;
				LD_RUNPATH_SEARCH_PATHS = (
					"$(inherited)",
					"@executable_path/Frameworks",
				);
				MARKETING_VERSION = 1.0;
				OTHER_LDFLAGS = (
					"-Xlinker",
					"-interposable",
				);
				PRODUCT_BUNDLE_IDENTIFIER = "waramity.swift-pack";
				PRODUCT_NAME = "swift-pack";
				SDKROOT = iphoneos;
				SWIFT_EMIT_LOC_STRINGS = YES;
				SWIFT_VERSION = 5.0;
				TARGETED_DEVICE_FAMILY = "1,2";
			};
			name = Debug;
		};
		1F26BCC92A93FDB300B43103 /* Release */ = {
			isa = XCBuildConfiguration;
			buildSettings = {
				ASSETCATALOG_COMPILER_APPICON_NAME = AppIcon;
				ASSETCATALOG_COMPILER_GLOBAL_ACCENT_COLOR_NAME = AccentColor;
				CODE_SIGN_STYLE = Automatic;
				CURRENT_PROJECT_VERSION = 1;
				ENABLE_PREVIEWS = YES;
				GENERATE_INFOPLIST_FILE = YES;
				INFOPLIST_KEY_UIApplicationSceneManifest_Generation = YES;
				INFOPLIST_KEY_UIApplicationSupportsIndirectInputEvents = YES;
				INFOPLIST_KEY_UILaunchScreen_Generation = YES;
				INFOPLIST_KEY_UISupportedInterfaceOrientations_iPad = "UIInterfaceOrientationPortrait UIInterfaceOrientationPortraitUpsideDown UIInterfaceOrientationLandscapeLeft UIInterfaceOrientationLandscapeRight";
				INFOPLIST_KEY_UISupportedInterfaceOrientations_iPhone = "UIInterfaceOrientationPortrait UIInterfaceOrientationLandscapeLeft UIInterfaceOrientationLandscapeRight";
				IPHONEOS_DEPLOYMENT_TARGET = 15.5;
				LD_RUNPATH_SEARCH_PATHS = (
					"$(inherited)",
					"@executable_path/Frameworks",
				);
				MARKETING_VERSION = 1.0;
				OTHER_LDFLAGS = (
					"-Xlinker",
					"-interposable",
				);
				PRODUCT_BUNDLE_IDENTIFIER = "waramity.swift-pack";
				PRODUCT_NAME = "swift-pack";
				SDKROOT = iphoneos;
				SWIFT_EMIT_LOC_STRINGS = YES;
				SWIFT_VERSION = 5.0;
				TARGETED_DEVICE_FAMILY = "1,2";
				VALIDATE_PRODUCT = YES;
			};
			name = Release;
		};
		1F26BCCB2A93FDB300B43103 /* Debug */ = {
			isa = XCBuildConfiguration;
			buildSettings = {
				ASSETCATALOG_COMPILER_APPICON_NAME = AppIcon;
				ASSETCATALOG_COMPILER_GLOBAL_ACCENT_COLOR_NAME = AccentColor;
				BUILD_LIBRARY_FOR_DISTRIBUTION = YES;
				CODE_SIGN_ENTITLEMENTS = macOS/macOS.entitlements;
				CODE_SIGN_STYLE = Automatic;
				COMBINE_HIDPI_IMAGES = YES;
				CURRENT_PROJECT_VERSION = 1;
				DEAD_CODE_STRIPPING = YES;
				ENABLE_PREVIEWS = YES;
				GENERATE_INFOPLIST_FILE = YES;
				INFOPLIST_KEY_NSHumanReadableCopyright = "";
				LD_RUNPATH_SEARCH_PATHS = (
					"$(inherited)",
					"@executable_path/../Frameworks",
				);
				MACOSX_DEPLOYMENT_TARGET = 12.1;
				MARKETING_VERSION = 1.0;
				PRODUCT_BUNDLE_IDENTIFIER = "waramity.swift-pack";
				PRODUCT_NAME = "swift-pack";
				SDKROOT = macosx;
				SWIFT_EMIT_LOC_STRINGS = YES;
				SWIFT_VERSION = 5.0;
			};
			name = Debug;
		};
		1F26BCCC2A93FDB300B43103 /* Release */ = {
			isa = XCBuildConfiguration;
			buildSettings = {
				ASSETCATALOG_COMPILER_APPICON_NAME = AppIcon;
				ASSETCATALOG_COMPILER_GLOBAL_ACCENT_COLOR_NAME = AccentColor;
				BUILD_LIBRARY_FOR_DISTRIBUTION = YES;
				CODE_SIGN_ENTITLEMENTS = macOS/macOS.entitlements;
				CODE_SIGN_STYLE = Automatic;
				COMBINE_HIDPI_IMAGES = YES;
				CURRENT_PROJECT_VERSION = 1;
				DEAD_CODE_STRIPPING = YES;
				ENABLE_PREVIEWS = YES;
				GENERATE_INFOPLIST_FILE = YES;
				INFOPLIST_KEY_NSHumanReadableCopyright = "";
				LD_RUNPATH_SEARCH_PATHS = (
					"$(inherited)",
					"@executable_path/../Frameworks",
				);
				MACOSX_DEPLOYMENT_TARGET = 12.1;
				MARKETING_VERSION = 1.0;
				PRODUCT_BUNDLE_IDENTIFIER = "waramity.swift-pack";
				PRODUCT_NAME = "swift-pack";
				SDKROOT = macosx;
				SWIFT_EMIT_LOC_STRINGS = YES;
				SWIFT_VERSION = 5.0;
			};
			name = Release;
		};
		1F26BCCE2A93FDB300B43103 /* Debug */ = {
			isa = XCBuildConfiguration;
			buildSettings = {
				ALWAYS_EMBED_SWIFT_STANDARD_LIBRARIES = YES;
				CODE_SIGN_STYLE = Automatic;
				CURRENT_PROJECT_VERSION = 1;
				GENERATE_INFOPLIST_FILE = YES;
				IPHONEOS_DEPLOYMENT_TARGET = 15.5;
				MARKETING_VERSION = 1.0;
				PRODUCT_BUNDLE_IDENTIFIER = "waramity.Tests-iOS";
				PRODUCT_NAME = "$(TARGET_NAME)";
				SDKROOT = iphoneos;
				SWIFT_EMIT_LOC_STRINGS = NO;
				SWIFT_VERSION = 5.0;
				TARGETED_DEVICE_FAMILY = "1,2";
				TEST_TARGET_NAME = "swift-pack (iOS)";
			};
			name = Debug;
		};
		1F26BCCF2A93FDB300B43103 /* Release */ = {
			isa = XCBuildConfiguration;
			buildSettings = {
				ALWAYS_EMBED_SWIFT_STANDARD_LIBRARIES = YES;
				CODE_SIGN_STYLE = Automatic;
				CURRENT_PROJECT_VERSION = 1;
				GENERATE_INFOPLIST_FILE = YES;
				IPHONEOS_DEPLOYMENT_TARGET = 15.5;
				MARKETING_VERSION = 1.0;
				PRODUCT_BUNDLE_IDENTIFIER = "waramity.Tests-iOS";
				PRODUCT_NAME = "$(TARGET_NAME)";
				SDKROOT = iphoneos;
				SWIFT_EMIT_LOC_STRINGS = NO;
				SWIFT_VERSION = 5.0;
				TARGETED_DEVICE_FAMILY = "1,2";
				TEST_TARGET_NAME = "swift-pack (iOS)";
				VALIDATE_PRODUCT = YES;
			};
			name = Release;
		};
		1F26BCD12A93FDB300B43103 /* Debug */ = {
			isa = XCBuildConfiguration;
			buildSettings = {
				ALWAYS_EMBED_SWIFT_STANDARD_LIBRARIES = YES;
				CODE_SIGN_STYLE = Automatic;
				CURRENT_PROJECT_VERSION = 1;
				DEAD_CODE_STRIPPING = YES;
				GENERATE_INFOPLIST_FILE = YES;
				MACOSX_DEPLOYMENT_TARGET = 12.1;
				MARKETING_VERSION = 1.0;
				PRODUCT_BUNDLE_IDENTIFIER = "waramity.Tests-macOS";
				PRODUCT_NAME = "$(TARGET_NAME)";
				SDKROOT = macosx;
				SWIFT_EMIT_LOC_STRINGS = NO;
				SWIFT_VERSION = 5.0;
				TEST_TARGET_NAME = "swift-pack (macOS)";
			};
			name = Debug;
		};
		1F26BCD22A93FDB300B43103 /* Release */ = {
			isa = XCBuildConfiguration;
			buildSettings = {
				ALWAYS_EMBED_SWIFT_STANDARD_LIBRARIES = YES;
				CODE_SIGN_STYLE = Automatic;
				CURRENT_PROJECT_VERSION = 1;
				DEAD_CODE_STRIPPING = YES;
				GENERATE_INFOPLIST_FILE = YES;
				MACOSX_DEPLOYMENT_TARGET = 12.1;
				MARKETING_VERSION = 1.0;
				PRODUCT_BUNDLE_IDENTIFIER = "waramity.Tests-macOS";
				PRODUCT_NAME = "$(TARGET_NAME)";
				SDKROOT = macosx;
				SWIFT_EMIT_LOC_STRINGS = NO;
				SWIFT_VERSION = 5.0;
				TEST_TARGET_NAME = "swift-pack (macOS)";
			};
			name = Release;
		};
/* End XCBuildConfiguration section */

/* Begin XCConfigurationList section */
		1F26BC952A93FDAE00B43103 /* Build configuration list for PBXProject "swift-pack" */ = {
			isa = XCConfigurationList;
			buildConfigurations = (
				1F26BCC52A93FDB300B43103 /* Debug */,
				1F26BCC62A93FDB300B43103 /* Release */,
			);
			defaultConfigurationIsVisible = 0;
			defaultConfigurationName = Release;
		};
		1F26BCC72A93FDB300B43103 /* Build configuration list for PBXNativeTarget "swift-pack (iOS)" */ = {
			isa = XCConfigurationList;
			buildConfigurations = (
				1F26BCC82A93FDB300B43103 /* Debug */,
				1F26BCC92A93FDB300B43103 /* Release */,
			);
			defaultConfigurationIsVisible = 0;
			defaultConfigurationName = Release;
		};
		1F26BCCA2A93FDB300B43103 /* Build configuration list for PBXNativeTarget "swift-pack (macOS)" */ = {
			isa = XCConfigurationList;
			buildConfigurations = (
				1F26BCCB2A93FDB300B43103 /* Debug */,
				1F26BCCC2A93FDB300B43103 /* Release */,
			);
			defaultConfigurationIsVisible = 0;
			defaultConfigurationName = Release;
		};
		1F26BCCD2A93FDB300B43103 /* Build configuration list for PBXNativeTarget "Tests iOS" */ = {
			isa = XCConfigurationList;
			buildConfigurations = (
				1F26BCCE2A93FDB300B43103 /* Debug */,
				1F26BCCF2A93FDB300B43103 /* Release */,
			);
			defaultConfigurationIsVisible = 0;
			defaultConfigurationName = Release;
		};
		1F26BCD02A93FDB300B43103 /* Build configuration list for PBXNativeTarget "Tests macOS" */ = {
			isa = XCConfigurationList;
			buildConfigurations = (
				1F26BCD12A93FDB300B43103 /* Debug */,
				1F26BCD22A93FDB300B43103 /* Release */,
			);
			defaultConfigurationIsVisible = 0;
			defaultConfigurationName = Release;
		};
/* End XCConfigurationList section */
	};
	rootObject = 1F26BC922A93FDAE00B43103 /* Project object */;
}
